// !$*UTF8*$!
{
	archiveVersion = 1;
	classes = {
	};
	objectVersion = 46;
	objects = {

/* Begin PBXBuildFile section */
		3D51E6E8AA11CC22B766D126 /* Pods_SMF.framework in Frameworks */ = {isa = PBXBuildFile; fileRef = 8C2695DFC7329A2B6997BC24 /* Pods_SMF.framework */; };
		6667204288DF992A7921447D /* Pods_SMFUITests.framework in Frameworks */ = {isa = PBXBuildFile; fileRef = 756CD72021ECD8B69000EB75 /* Pods_SMFUITests.framework */; };
		CCFD926798450FB575BD84BD /* Pods_SMFTests.framework in Frameworks */ = {isa = PBXBuildFile; fileRef = 982E96723137AC80B5F0A188 /* Pods_SMFTests.framework */; };
		F10926CD1D65808000A15FCF /* GoogleService-Info.plist in Resources */ = {isa = PBXBuildFile; fileRef = F10926CC1D65808000A15FCF /* GoogleService-Info.plist */; };
		F11F4FC11D9FDBAC0030B176 /* LoginUIViewController.swift in Sources */ = {isa = PBXBuildFile; fileRef = F11F4FC01D9FDBAC0030B176 /* LoginUIViewController.swift */; };
		F13489D81E7BBB33005008ED /* ThreadTableViewController.swift in Sources */ = {isa = PBXBuildFile; fileRef = F13489D71E7BBB33005008ED /* ThreadTableViewController.swift */; };
		F13489DC1E7BF383005008ED /* ThreadPreview.swift in Sources */ = {isa = PBXBuildFile; fileRef = F13489DB1E7BF383005008ED /* ThreadPreview.swift */; };
		F13489DE1E7BFD2F005008ED /* Post.swift in Sources */ = {isa = PBXBuildFile; fileRef = F13489DD1E7BFD2F005008ED /* Post.swift */; };
		F13489E01E7D42EA005008ED /* CreateThreadViewController.swift in Sources */ = {isa = PBXBuildFile; fileRef = F13489DF1E7D42EA005008ED /* CreateThreadViewController.swift */; };
		F13489E21E7D42FE005008ED /* ReplyThreadViewController.swift in Sources */ = {isa = PBXBuildFile; fileRef = F13489E11E7D42FE005008ED /* ReplyThreadViewController.swift */; };
		F13489E41E7D4312005008ED /* EditProfileViewController.swift in Sources */ = {isa = PBXBuildFile; fileRef = F13489E31E7D4312005008ED /* EditProfileViewController.swift */; };
		F13509DC1E849E3600804BE0 /* CreateGroupViewController.swift in Sources */ = {isa = PBXBuildFile; fileRef = F13509DB1E849E3600804BE0 /* CreateGroupViewController.swift */; };
		F13509DE1E849EFE00804BE0 /* ShowGroupViewController.swift in Sources */ = {isa = PBXBuildFile; fileRef = F13509DD1E849EFE00804BE0 /* ShowGroupViewController.swift */; };
		F13509E01E849F0D00804BE0 /* CreateMessageViewController.swift in Sources */ = {isa = PBXBuildFile; fileRef = F13509DF1E849F0D00804BE0 /* CreateMessageViewController.swift */; };
		F13509E21E849F2A00804BE0 /* ShowMessageTableViewController.swift in Sources */ = {isa = PBXBuildFile; fileRef = F13509E11E849F2A00804BE0 /* ShowMessageTableViewController.swift */; };
		F13509E41E85196600804BE0 /* GroupPreview.swift in Sources */ = {isa = PBXBuildFile; fileRef = F13509E31E85196600804BE0 /* GroupPreview.swift */; };
		F13509E61E85286000804BE0 /* MessagePreview.swift in Sources */ = {isa = PBXBuildFile; fileRef = F13509E51E85286000804BE0 /* MessagePreview.swift */; };
		F13509E81E8541D100804BE0 /* ReplyMessageViewController.swift in Sources */ = {isa = PBXBuildFile; fileRef = F13509E71E8541D100804BE0 /* ReplyMessageViewController.swift */; };
		F190E15A1D6535210084108A /* AppDelegate.swift in Sources */ = {isa = PBXBuildFile; fileRef = F190E1591D6535210084108A /* AppDelegate.swift */; };
		F190E15C1D6535210084108A /* ViewController.swift in Sources */ = {isa = PBXBuildFile; fileRef = F190E15B1D6535210084108A /* ViewController.swift */; };
		F190E15F1D6535210084108A /* Main.storyboard in Resources */ = {isa = PBXBuildFile; fileRef = F190E15D1D6535210084108A /* Main.storyboard */; };
		F190E1611D6535210084108A /* Assets.xcassets in Resources */ = {isa = PBXBuildFile; fileRef = F190E1601D6535210084108A /* Assets.xcassets */; };
		F190E1641D6535210084108A /* LaunchScreen.storyboard in Resources */ = {isa = PBXBuildFile; fileRef = F190E1621D6535210084108A /* LaunchScreen.storyboard */; };
		F190E16F1D6535210084108A /* SMFTests.swift in Sources */ = {isa = PBXBuildFile; fileRef = F190E16E1D6535210084108A /* SMFTests.swift */; };
		F190E17A1D6535210084108A /* SMFUITests.swift in Sources */ = {isa = PBXBuildFile; fileRef = F190E1791D6535210084108A /* SMFUITests.swift */; };
		F19B79BE1E7A79F500E2CA55 /* BBSTableViewController.swift in Sources */ = {isa = PBXBuildFile; fileRef = F19B79BD1E7A79F500E2CA55 /* BBSTableViewController.swift */; };
		F1BC3A601E7B34CA0077A7F9 /* CustomUISplitViewController.swift in Sources */ = {isa = PBXBuildFile; fileRef = F1BC3A5F1E7B34CA0077A7F9 /* CustomUISplitViewController.swift */; };
		F1C4821C1E7A26B60094A1F5 /* MenuTableViewController.swift in Sources */ = {isa = PBXBuildFile; fileRef = F1C4821B1E7A26B60094A1F5 /* MenuTableViewController.swift */; };
		F1CE2A921D97B01500B0BD31 /* SWRevealViewController.m in Sources */ = {isa = PBXBuildFile; fileRef = F1CE2A911D97B01500B0BD31 /* SWRevealViewController.m */; };
		F1CE2A941D98B3A000B0BD31 /* FeedTableViewController.swift in Sources */ = {isa = PBXBuildFile; fileRef = F1CE2A931D98B3A000B0BD31 /* FeedTableViewController.swift */; };
		F1CE2A961D98E99C00B0BD31 /* ProfileUIViewController.swift in Sources */ = {isa = PBXBuildFile; fileRef = F1CE2A951D98E99C00B0BD31 /* ProfileUIViewController.swift */; };
		F1CE2A981D98E9AE00B0BD31 /* GroupsTableViewController.swift in Sources */ = {isa = PBXBuildFile; fileRef = F1CE2A971D98E9AE00B0BD31 /* GroupsTableViewController.swift */; };
		F1CE2A9A1D98E9BD00B0BD31 /* MessagesTableViewController.swift in Sources */ = {isa = PBXBuildFile; fileRef = F1CE2A991D98E9BD00B0BD31 /* MessagesTableViewController.swift */; };
/* End PBXBuildFile section */

/* Begin PBXContainerItemProxy section */
		F190E16B1D6535210084108A /* PBXContainerItemProxy */ = {
			isa = PBXContainerItemProxy;
			containerPortal = F190E14E1D6535210084108A /* Project object */;
			proxyType = 1;
			remoteGlobalIDString = F190E1551D6535210084108A;
			remoteInfo = SMF;
		};
		F190E1761D6535210084108A /* PBXContainerItemProxy */ = {
			isa = PBXContainerItemProxy;
			containerPortal = F190E14E1D6535210084108A /* Project object */;
			proxyType = 1;
			remoteGlobalIDString = F190E1551D6535210084108A;
			remoteInfo = SMF;
		};
/* End PBXContainerItemProxy section */

/* Begin PBXFileReference section */
		18B67BF78AAF093F539B1793 /* Pods-SMFUITests.release.xcconfig */ = {isa = PBXFileReference; includeInIndex = 1; lastKnownFileType = text.xcconfig; name = "Pods-SMFUITests.release.xcconfig"; path = "Pods/Target Support Files/Pods-SMFUITests/Pods-SMFUITests.release.xcconfig"; sourceTree = "<group>"; };
		2066181679C9FC104B135D06 /* Pods-SMFUITests.debug.xcconfig */ = {isa = PBXFileReference; includeInIndex = 1; lastKnownFileType = text.xcconfig; name = "Pods-SMFUITests.debug.xcconfig"; path = "Pods/Target Support Files/Pods-SMFUITests/Pods-SMFUITests.debug.xcconfig"; sourceTree = "<group>"; };
		3985420185A4850C46CD234F /* Pods-SMF.debug.xcconfig */ = {isa = PBXFileReference; includeInIndex = 1; lastKnownFileType = text.xcconfig; name = "Pods-SMF.debug.xcconfig"; path = "Pods/Target Support Files/Pods-SMF/Pods-SMF.debug.xcconfig"; sourceTree = "<group>"; };
		4156CA6C1346DC2579C6A1A0 /* Pods-SMF.release.xcconfig */ = {isa = PBXFileReference; includeInIndex = 1; lastKnownFileType = text.xcconfig; name = "Pods-SMF.release.xcconfig"; path = "Pods/Target Support Files/Pods-SMF/Pods-SMF.release.xcconfig"; sourceTree = "<group>"; };
		756CD72021ECD8B69000EB75 /* Pods_SMFUITests.framework */ = {isa = PBXFileReference; explicitFileType = wrapper.framework; includeInIndex = 0; path = Pods_SMFUITests.framework; sourceTree = BUILT_PRODUCTS_DIR; };
		8C2695DFC7329A2B6997BC24 /* Pods_SMF.framework */ = {isa = PBXFileReference; explicitFileType = wrapper.framework; includeInIndex = 0; path = Pods_SMF.framework; sourceTree = BUILT_PRODUCTS_DIR; };
		982E96723137AC80B5F0A188 /* Pods_SMFTests.framework */ = {isa = PBXFileReference; explicitFileType = wrapper.framework; includeInIndex = 0; path = Pods_SMFTests.framework; sourceTree = BUILT_PRODUCTS_DIR; };
		C2F4BBCC6767BAEBF2D176C3 /* Pods-SMFTests.release.xcconfig */ = {isa = PBXFileReference; includeInIndex = 1; lastKnownFileType = text.xcconfig; name = "Pods-SMFTests.release.xcconfig"; path = "Pods/Target Support Files/Pods-SMFTests/Pods-SMFTests.release.xcconfig"; sourceTree = "<group>"; };
		C5FEAFBBBA8AC4704CD4B0EB /* Pods-SMFTests.debug.xcconfig */ = {isa = PBXFileReference; includeInIndex = 1; lastKnownFileType = text.xcconfig; name = "Pods-SMFTests.debug.xcconfig"; path = "Pods/Target Support Files/Pods-SMFTests/Pods-SMFTests.debug.xcconfig"; sourceTree = "<group>"; };
		F10926CC1D65808000A15FCF /* GoogleService-Info.plist */ = {isa = PBXFileReference; fileEncoding = 4; lastKnownFileType = text.plist.xml; path = "GoogleService-Info.plist"; sourceTree = "<group>"; };
		F11F4FC01D9FDBAC0030B176 /* LoginUIViewController.swift */ = {isa = PBXFileReference; fileEncoding = 4; lastKnownFileType = sourcecode.swift; path = LoginUIViewController.swift; sourceTree = "<group>"; };
		F13489D71E7BBB33005008ED /* ThreadTableViewController.swift */ = {isa = PBXFileReference; fileEncoding = 4; lastKnownFileType = sourcecode.swift; path = ThreadTableViewController.swift; sourceTree = "<group>"; };
		F13489DB1E7BF383005008ED /* ThreadPreview.swift */ = {isa = PBXFileReference; fileEncoding = 4; lastKnownFileType = sourcecode.swift; path = ThreadPreview.swift; sourceTree = "<group>"; };
		F13489DD1E7BFD2F005008ED /* Post.swift */ = {isa = PBXFileReference; fileEncoding = 4; lastKnownFileType = sourcecode.swift; path = Post.swift; sourceTree = "<group>"; };
		F13489DF1E7D42EA005008ED /* CreateThreadViewController.swift */ = {isa = PBXFileReference; fileEncoding = 4; lastKnownFileType = sourcecode.swift; path = CreateThreadViewController.swift; sourceTree = "<group>"; };
		F13489E11E7D42FE005008ED /* ReplyThreadViewController.swift */ = {isa = PBXFileReference; fileEncoding = 4; lastKnownFileType = sourcecode.swift; path = ReplyThreadViewController.swift; sourceTree = "<group>"; };
		F13489E31E7D4312005008ED /* EditProfileViewController.swift */ = {isa = PBXFileReference; fileEncoding = 4; lastKnownFileType = sourcecode.swift; path = EditProfileViewController.swift; sourceTree = "<group>"; };
		F13509DB1E849E3600804BE0 /* CreateGroupViewController.swift */ = {isa = PBXFileReference; fileEncoding = 4; lastKnownFileType = sourcecode.swift; path = CreateGroupViewController.swift; sourceTree = "<group>"; };
		F13509DD1E849EFE00804BE0 /* ShowGroupViewController.swift */ = {isa = PBXFileReference; fileEncoding = 4; lastKnownFileType = sourcecode.swift; path = ShowGroupViewController.swift; sourceTree = "<group>"; };
		F13509DF1E849F0D00804BE0 /* CreateMessageViewController.swift */ = {isa = PBXFileReference; fileEncoding = 4; lastKnownFileType = sourcecode.swift; path = CreateMessageViewController.swift; sourceTree = "<group>"; };
		F13509E11E849F2A00804BE0 /* ShowMessageTableViewController.swift */ = {isa = PBXFileReference; fileEncoding = 4; lastKnownFileType = sourcecode.swift; path = ShowMessageTableViewController.swift; sourceTree = "<group>"; };
		F13509E31E85196600804BE0 /* GroupPreview.swift */ = {isa = PBXFileReference; fileEncoding = 4; lastKnownFileType = sourcecode.swift; path = GroupPreview.swift; sourceTree = "<group>"; };
		F13509E51E85286000804BE0 /* MessagePreview.swift */ = {isa = PBXFileReference; fileEncoding = 4; lastKnownFileType = sourcecode.swift; path = MessagePreview.swift; sourceTree = "<group>"; };
		F13509E71E8541D100804BE0 /* ReplyMessageViewController.swift */ = {isa = PBXFileReference; fileEncoding = 4; lastKnownFileType = sourcecode.swift; path = ReplyMessageViewController.swift; sourceTree = "<group>"; };
		F190E1561D6535210084108A /* SMF.app */ = {isa = PBXFileReference; explicitFileType = wrapper.application; includeInIndex = 0; path = SMF.app; sourceTree = BUILT_PRODUCTS_DIR; };
		F190E1591D6535210084108A /* AppDelegate.swift */ = {isa = PBXFileReference; lastKnownFileType = sourcecode.swift; path = AppDelegate.swift; sourceTree = "<group>"; };
		F190E15B1D6535210084108A /* ViewController.swift */ = {isa = PBXFileReference; lastKnownFileType = sourcecode.swift; path = ViewController.swift; sourceTree = "<group>"; };
		F190E15E1D6535210084108A /* Base */ = {isa = PBXFileReference; lastKnownFileType = file.storyboard; name = Base; path = Base.lproj/Main.storyboard; sourceTree = "<group>"; };
		F190E1601D6535210084108A /* Assets.xcassets */ = {isa = PBXFileReference; lastKnownFileType = folder.assetcatalog; path = Assets.xcassets; sourceTree = "<group>"; };
		F190E1631D6535210084108A /* Base */ = {isa = PBXFileReference; lastKnownFileType = file.storyboard; name = Base; path = Base.lproj/LaunchScreen.storyboard; sourceTree = "<group>"; };
		F190E1651D6535210084108A /* Info.plist */ = {isa = PBXFileReference; lastKnownFileType = text.plist.xml; path = Info.plist; sourceTree = "<group>"; };
		F190E16A1D6535210084108A /* SMFTests.xctest */ = {isa = PBXFileReference; explicitFileType = wrapper.cfbundle; includeInIndex = 0; path = SMFTests.xctest; sourceTree = BUILT_PRODUCTS_DIR; };
		F190E16E1D6535210084108A /* SMFTests.swift */ = {isa = PBXFileReference; lastKnownFileType = sourcecode.swift; path = SMFTests.swift; sourceTree = "<group>"; };
		F190E1701D6535210084108A /* Info.plist */ = {isa = PBXFileReference; lastKnownFileType = text.plist.xml; path = Info.plist; sourceTree = "<group>"; };
		F190E1751D6535210084108A /* SMFUITests.xctest */ = {isa = PBXFileReference; explicitFileType = wrapper.cfbundle; includeInIndex = 0; path = SMFUITests.xctest; sourceTree = BUILT_PRODUCTS_DIR; };
		F190E1791D6535210084108A /* SMFUITests.swift */ = {isa = PBXFileReference; lastKnownFileType = sourcecode.swift; path = SMFUITests.swift; sourceTree = "<group>"; };
		F190E17B1D6535210084108A /* Info.plist */ = {isa = PBXFileReference; lastKnownFileType = text.plist.xml; path = Info.plist; sourceTree = "<group>"; };
		F19B79BD1E7A79F500E2CA55 /* BBSTableViewController.swift */ = {isa = PBXFileReference; fileEncoding = 4; lastKnownFileType = sourcecode.swift; path = BBSTableViewController.swift; sourceTree = "<group>"; };
		F1BC3A5F1E7B34CA0077A7F9 /* CustomUISplitViewController.swift */ = {isa = PBXFileReference; fileEncoding = 4; lastKnownFileType = sourcecode.swift; path = CustomUISplitViewController.swift; sourceTree = "<group>"; };
		F1C4821B1E7A26B60094A1F5 /* MenuTableViewController.swift */ = {isa = PBXFileReference; fileEncoding = 4; lastKnownFileType = sourcecode.swift; path = MenuTableViewController.swift; sourceTree = "<group>"; };
		F1CE2A8F1D97B01400B0BD31 /* SMF-Bridging-Header.h */ = {isa = PBXFileReference; lastKnownFileType = sourcecode.c.h; path = "SMF-Bridging-Header.h"; sourceTree = "<group>"; };
		F1CE2A901D97B01500B0BD31 /* SWRevealViewController.h */ = {isa = PBXFileReference; fileEncoding = 4; lastKnownFileType = sourcecode.c.h; name = SWRevealViewController.h; path = "../../Downloads/SWRevealViewController-master/SWRevealViewController/SWRevealViewController.h"; sourceTree = "<group>"; };
		F1CE2A911D97B01500B0BD31 /* SWRevealViewController.m */ = {isa = PBXFileReference; fileEncoding = 4; lastKnownFileType = sourcecode.c.objc; name = SWRevealViewController.m; path = "../../Downloads/SWRevealViewController-master/SWRevealViewController/SWRevealViewController.m"; sourceTree = "<group>"; };
		F1CE2A931D98B3A000B0BD31 /* FeedTableViewController.swift */ = {isa = PBXFileReference; fileEncoding = 4; lastKnownFileType = sourcecode.swift; path = FeedTableViewController.swift; sourceTree = "<group>"; };
		F1CE2A951D98E99C00B0BD31 /* ProfileUIViewController.swift */ = {isa = PBXFileReference; fileEncoding = 4; lastKnownFileType = sourcecode.swift; path = ProfileUIViewController.swift; sourceTree = "<group>"; };
		F1CE2A971D98E9AE00B0BD31 /* GroupsTableViewController.swift */ = {isa = PBXFileReference; fileEncoding = 4; lastKnownFileType = sourcecode.swift; path = GroupsTableViewController.swift; sourceTree = "<group>"; };
		F1CE2A991D98E9BD00B0BD31 /* MessagesTableViewController.swift */ = {isa = PBXFileReference; fileEncoding = 4; lastKnownFileType = sourcecode.swift; path = MessagesTableViewController.swift; sourceTree = "<group>"; };
/* End PBXFileReference section */

/* Begin PBXFrameworksBuildPhase section */
		F190E1531D6535210084108A /* Frameworks */ = {
			isa = PBXFrameworksBuildPhase;
			buildActionMask = 2147483647;
			files = (
				3D51E6E8AA11CC22B766D126 /* Pods_SMF.framework in Frameworks */,
			);
			runOnlyForDeploymentPostprocessing = 0;
		};
		F190E1671D6535210084108A /* Frameworks */ = {
			isa = PBXFrameworksBuildPhase;
			buildActionMask = 2147483647;
			files = (
				CCFD926798450FB575BD84BD /* Pods_SMFTests.framework in Frameworks */,
			);
			runOnlyForDeploymentPostprocessing = 0;
		};
		F190E1721D6535210084108A /* Frameworks */ = {
			isa = PBXFrameworksBuildPhase;
			buildActionMask = 2147483647;
			files = (
				6667204288DF992A7921447D /* Pods_SMFUITests.framework in Frameworks */,
			);
			runOnlyForDeploymentPostprocessing = 0;
		};
/* End PBXFrameworksBuildPhase section */

/* Begin PBXGroup section */
		0545CB56EA6D2EBD765E332B /* Pods */ = {
			isa = PBXGroup;
			children = (
				3985420185A4850C46CD234F /* Pods-SMF.debug.xcconfig */,
				4156CA6C1346DC2579C6A1A0 /* Pods-SMF.release.xcconfig */,
				C5FEAFBBBA8AC4704CD4B0EB /* Pods-SMFTests.debug.xcconfig */,
				C2F4BBCC6767BAEBF2D176C3 /* Pods-SMFTests.release.xcconfig */,
				2066181679C9FC104B135D06 /* Pods-SMFUITests.debug.xcconfig */,
				18B67BF78AAF093F539B1793 /* Pods-SMFUITests.release.xcconfig */,
			);
			name = Pods;
			sourceTree = "<group>";
		};
		D0FD0B9E0E010F7299328641 /* Frameworks */ = {
			isa = PBXGroup;
			children = (
				8C2695DFC7329A2B6997BC24 /* Pods_SMF.framework */,
				982E96723137AC80B5F0A188 /* Pods_SMFTests.framework */,
				756CD72021ECD8B69000EB75 /* Pods_SMFUITests.framework */,
			);
			name = Frameworks;
			sourceTree = "<group>";
		};
		F190E14D1D6535210084108A = {
			isa = PBXGroup;
			children = (
				F1CE2A8E1D97AF6700B0BD31 /* SWRevealViewController */,
				F190E1581D6535210084108A /* SMF */,
				F190E16D1D6535210084108A /* SMFTests */,
				F190E1781D6535210084108A /* SMFUITests */,
				F190E1571D6535210084108A /* Products */,
				0545CB56EA6D2EBD765E332B /* Pods */,
				D0FD0B9E0E010F7299328641 /* Frameworks */,
			);
			sourceTree = "<group>";
		};
		F190E1571D6535210084108A /* Products */ = {
			isa = PBXGroup;
			children = (
				F190E1561D6535210084108A /* SMF.app */,
				F190E16A1D6535210084108A /* SMFTests.xctest */,
				F190E1751D6535210084108A /* SMFUITests.xctest */,
			);
			name = Products;
			sourceTree = "<group>";
		};
		F190E1581D6535210084108A /* SMF */ = {
			isa = PBXGroup;
			children = (
				F10926CC1D65808000A15FCF /* GoogleService-Info.plist */,
				F190E1591D6535210084108A /* AppDelegate.swift */,
				F190E15B1D6535210084108A /* ViewController.swift */,
				F190E15D1D6535210084108A /* Main.storyboard */,
				F190E1601D6535210084108A /* Assets.xcassets */,
				F190E1621D6535210084108A /* LaunchScreen.storyboard */,
				F190E1651D6535210084108A /* Info.plist */,
				F1CE2A931D98B3A000B0BD31 /* FeedTableViewController.swift */,
				F1CE2A951D98E99C00B0BD31 /* ProfileUIViewController.swift */,
				F1CE2A971D98E9AE00B0BD31 /* GroupsTableViewController.swift */,
				F1CE2A991D98E9BD00B0BD31 /* MessagesTableViewController.swift */,
				F11F4FC01D9FDBAC0030B176 /* LoginUIViewController.swift */,
				F1C4821B1E7A26B60094A1F5 /* MenuTableViewController.swift */,
				F19B79BD1E7A79F500E2CA55 /* BBSTableViewController.swift */,
				F1BC3A5F1E7B34CA0077A7F9 /* CustomUISplitViewController.swift */,
				F13489D71E7BBB33005008ED /* ThreadTableViewController.swift */,
				F13489DB1E7BF383005008ED /* ThreadPreview.swift */,
				F13489DD1E7BFD2F005008ED /* Post.swift */,
				F13489DF1E7D42EA005008ED /* CreateThreadViewController.swift */,
				F13489E11E7D42FE005008ED /* ReplyThreadViewController.swift */,
				F13489E31E7D4312005008ED /* EditProfileViewController.swift */,
				F13509DB1E849E3600804BE0 /* CreateGroupViewController.swift */,
				F13509DD1E849EFE00804BE0 /* ShowGroupViewController.swift */,
				F13509DF1E849F0D00804BE0 /* CreateMessageViewController.swift */,
				F13509E11E849F2A00804BE0 /* ShowMessageTableViewController.swift */,
				F13509E31E85196600804BE0 /* GroupPreview.swift */,
				F13509E51E85286000804BE0 /* MessagePreview.swift */,
				F13509E71E8541D100804BE0 /* ReplyMessageViewController.swift */,
			);
			path = SMF;
			sourceTree = "<group>";
		};
		F190E16D1D6535210084108A /* SMFTests */ = {
			isa = PBXGroup;
			children = (
				F190E16E1D6535210084108A /* SMFTests.swift */,
				F190E1701D6535210084108A /* Info.plist */,
			);
			path = SMFTests;
			sourceTree = "<group>";
		};
		F190E1781D6535210084108A /* SMFUITests */ = {
			isa = PBXGroup;
			children = (
				F190E1791D6535210084108A /* SMFUITests.swift */,
				F190E17B1D6535210084108A /* Info.plist */,
			);
			path = SMFUITests;
			sourceTree = "<group>";
		};
		F1CE2A8E1D97AF6700B0BD31 /* SWRevealViewController */ = {
			isa = PBXGroup;
			children = (
				F1CE2A8F1D97B01400B0BD31 /* SMF-Bridging-Header.h */,
				F1CE2A901D97B01500B0BD31 /* SWRevealViewController.h */,
				F1CE2A911D97B01500B0BD31 /* SWRevealViewController.m */,
			);
			name = SWRevealViewController;
			sourceTree = "<group>";
		};
/* End PBXGroup section */

/* Begin PBXNativeTarget section */
		F190E1551D6535210084108A /* SMF */ = {
			isa = PBXNativeTarget;
			buildConfigurationList = F190E17E1D6535210084108A /* Build configuration list for PBXNativeTarget "SMF" */;
			buildPhases = (
				21F38C4D0A198EC603C50F97 /* [CP] Check Pods Manifest.lock */,
				F190E1521D6535210084108A /* Sources */,
				F190E1531D6535210084108A /* Frameworks */,
				F190E1541D6535210084108A /* Resources */,
				D232D354BB06303F4EBB5269 /* [CP] Embed Pods Frameworks */,
				73E402921656FB081609ACC5 /* [CP] Copy Pods Resources */,
			);
			buildRules = (
			);
			dependencies = (
			);
			name = SMF;
			productName = SMF;
			productReference = F190E1561D6535210084108A /* SMF.app */;
			productType = "com.apple.product-type.application";
		};
		F190E1691D6535210084108A /* SMFTests */ = {
			isa = PBXNativeTarget;
			buildConfigurationList = F190E1811D6535210084108A /* Build configuration list for PBXNativeTarget "SMFTests" */;
			buildPhases = (
				556306D5D61C385DDAE5DD34 /* [CP] Check Pods Manifest.lock */,
				F190E1661D6535210084108A /* Sources */,
				F190E1671D6535210084108A /* Frameworks */,
				F190E1681D6535210084108A /* Resources */,
				419728B9D05CBEAB0EAE5F86 /* [CP] Embed Pods Frameworks */,
				7499C0CE47345755487997FC /* [CP] Copy Pods Resources */,
			);
			buildRules = (
			);
			dependencies = (
				F190E16C1D6535210084108A /* PBXTargetDependency */,
			);
			name = SMFTests;
			productName = SMFTests;
			productReference = F190E16A1D6535210084108A /* SMFTests.xctest */;
			productType = "com.apple.product-type.bundle.unit-test";
		};
		F190E1741D6535210084108A /* SMFUITests */ = {
			isa = PBXNativeTarget;
			buildConfigurationList = F190E1841D6535210084108A /* Build configuration list for PBXNativeTarget "SMFUITests" */;
			buildPhases = (
				7996D0E70B49B2E37ABA91A6 /* [CP] Check Pods Manifest.lock */,
				F190E1711D6535210084108A /* Sources */,
				F190E1721D6535210084108A /* Frameworks */,
				F190E1731D6535210084108A /* Resources */,
				D355C2E218D865D54161D39F /* [CP] Copy Pods Resources */,
			);
			buildRules = (
			);
			dependencies = (
				F190E1771D6535210084108A /* PBXTargetDependency */,
			);
			name = SMFUITests;
			productName = SMFUITests;
			productReference = F190E1751D6535210084108A /* SMFUITests.xctest */;
			productType = "com.apple.product-type.bundle.ui-testing";
		};
/* End PBXNativeTarget section */

/* Begin PBXProject section */
		F190E14E1D6535210084108A /* Project object */ = {
			isa = PBXProject;
			attributes = {
				LastSwiftUpdateCheck = 0730;
				LastUpgradeCheck = 0800;
				ORGANIZATIONNAME = "Iris Inami";
				TargetAttributes = {
					F190E1551D6535210084108A = {
						CreatedOnToolsVersion = 7.3.1;
						LastSwiftMigration = 0800;
					};
					F190E1691D6535210084108A = {
						CreatedOnToolsVersion = 7.3.1;
						LastSwiftMigration = 0800;
						TestTargetID = F190E1551D6535210084108A;
					};
					F190E1741D6535210084108A = {
						CreatedOnToolsVersion = 7.3.1;
						LastSwiftMigration = 0800;
						TestTargetID = F190E1551D6535210084108A;
					};
				};
			};
			buildConfigurationList = F190E1511D6535210084108A /* Build configuration list for PBXProject "SMF" */;
			compatibilityVersion = "Xcode 3.2";
			developmentRegion = English;
			hasScannedForEncodings = 0;
			knownRegions = (
				en,
				Base,
			);
			mainGroup = F190E14D1D6535210084108A;
			productRefGroup = F190E1571D6535210084108A /* Products */;
			projectDirPath = "";
			projectRoot = "";
			targets = (
				F190E1551D6535210084108A /* SMF */,
				F190E1691D6535210084108A /* SMFTests */,
				F190E1741D6535210084108A /* SMFUITests */,
			);
		};
/* End PBXProject section */

/* Begin PBXResourcesBuildPhase section */
		F190E1541D6535210084108A /* Resources */ = {
			isa = PBXResourcesBuildPhase;
			buildActionMask = 2147483647;
			files = (
				F190E1641D6535210084108A /* LaunchScreen.storyboard in Resources */,
				F10926CD1D65808000A15FCF /* GoogleService-Info.plist in Resources */,
				F190E1611D6535210084108A /* Assets.xcassets in Resources */,
				F190E15F1D6535210084108A /* Main.storyboard in Resources */,
			);
			runOnlyForDeploymentPostprocessing = 0;
		};
		F190E1681D6535210084108A /* Resources */ = {
			isa = PBXResourcesBuildPhase;
			buildActionMask = 2147483647;
			files = (
			);
			runOnlyForDeploymentPostprocessing = 0;
		};
		F190E1731D6535210084108A /* Resources */ = {
			isa = PBXResourcesBuildPhase;
			buildActionMask = 2147483647;
			files = (
			);
			runOnlyForDeploymentPostprocessing = 0;
		};
/* End PBXResourcesBuildPhase section */

/* Begin PBXShellScriptBuildPhase section */
		21F38C4D0A198EC603C50F97 /* [CP] Check Pods Manifest.lock */ = {
			isa = PBXShellScriptBuildPhase;
			buildActionMask = 2147483647;
			files = (
			);
			inputPaths = (
			);
			name = "[CP] Check Pods Manifest.lock";
			outputPaths = (
			);
			runOnlyForDeploymentPostprocessing = 0;
			shellPath = /bin/sh;
			shellScript = "diff \"${PODS_ROOT}/../Podfile.lock\" \"${PODS_ROOT}/Manifest.lock\" > /dev/null\nif [[ $? != 0 ]] ; then\n    cat << EOM\nerror: The sandbox is not in sync with the Podfile.lock. Run 'pod install' or update your CocoaPods installation.\nEOM\n    exit 1\nfi\n";
			showEnvVarsInLog = 0;
		};
		419728B9D05CBEAB0EAE5F86 /* [CP] Embed Pods Frameworks */ = {
			isa = PBXShellScriptBuildPhase;
			buildActionMask = 2147483647;
			files = (
			);
			inputPaths = (
			);
			name = "[CP] Embed Pods Frameworks";
			outputPaths = (
			);
			runOnlyForDeploymentPostprocessing = 0;
			shellPath = /bin/sh;
			shellScript = "\"${SRCROOT}/Pods/Target Support Files/Pods-SMFTests/Pods-SMFTests-frameworks.sh\"\n";
			showEnvVarsInLog = 0;
		};
		556306D5D61C385DDAE5DD34 /* [CP] Check Pods Manifest.lock */ = {
			isa = PBXShellScriptBuildPhase;
			buildActionMask = 2147483647;
			files = (
			);
			inputPaths = (
			);
			name = "[CP] Check Pods Manifest.lock";
			outputPaths = (
			);
			runOnlyForDeploymentPostprocessing = 0;
			shellPath = /bin/sh;
			shellScript = "diff \"${PODS_ROOT}/../Podfile.lock\" \"${PODS_ROOT}/Manifest.lock\" > /dev/null\nif [[ $? != 0 ]] ; then\n    cat << EOM\nerror: The sandbox is not in sync with the Podfile.lock. Run 'pod install' or update your CocoaPods installation.\nEOM\n    exit 1\nfi\n";
			showEnvVarsInLog = 0;
		};
		73E402921656FB081609ACC5 /* [CP] Copy Pods Resources */ = {
			isa = PBXShellScriptBuildPhase;
			buildActionMask = 2147483647;
			files = (
			);
			inputPaths = (
			);
			name = "[CP] Copy Pods Resources";
			outputPaths = (
			);
			runOnlyForDeploymentPostprocessing = 0;
			shellPath = /bin/sh;
			shellScript = "\"${SRCROOT}/Pods/Target Support Files/Pods-SMF/Pods-SMF-resources.sh\"\n";
			showEnvVarsInLog = 0;
		};
		7499C0CE47345755487997FC /* [CP] Copy Pods Resources */ = {
			isa = PBXShellScriptBuildPhase;
			buildActionMask = 2147483647;
			files = (
			);
			inputPaths = (
			);
			name = "[CP] Copy Pods Resources";
			outputPaths = (
			);
			runOnlyForDeploymentPostprocessing = 0;
			shellPath = /bin/sh;
			shellScript = "\"${SRCROOT}/Pods/Target Support Files/Pods-SMFTests/Pods-SMFTests-resources.sh\"\n";
			showEnvVarsInLog = 0;
		};
		7996D0E70B49B2E37ABA91A6 /* [CP] Check Pods Manifest.lock */ = {
			isa = PBXShellScriptBuildPhase;
			buildActionMask = 2147483647;
			files = (
			);
			inputPaths = (
			);
			name = "[CP] Check Pods Manifest.lock";
			outputPaths = (
			);
			runOnlyForDeploymentPostprocessing = 0;
			shellPath = /bin/sh;
			shellScript = "diff \"${PODS_ROOT}/../Podfile.lock\" \"${PODS_ROOT}/Manifest.lock\" > /dev/null\nif [[ $? != 0 ]] ; then\n    cat << EOM\nerror: The sandbox is not in sync with the Podfile.lock. Run 'pod install' or update your CocoaPods installation.\nEOM\n    exit 1\nfi\n";
			showEnvVarsInLog = 0;
		};
		D232D354BB06303F4EBB5269 /* [CP] Embed Pods Frameworks */ = {
			isa = PBXShellScriptBuildPhase;
			buildActionMask = 2147483647;
			files = (
			);
			inputPaths = (
			);
			name = "[CP] Embed Pods Frameworks";
			outputPaths = (
			);
			runOnlyForDeploymentPostprocessing = 0;
			shellPath = /bin/sh;
			shellScript = "\"${SRCROOT}/Pods/Target Support Files/Pods-SMF/Pods-SMF-frameworks.sh\"\n";
			showEnvVarsInLog = 0;
		};
		D355C2E218D865D54161D39F /* [CP] Copy Pods Resources */ = {
			isa = PBXShellScriptBuildPhase;
			buildActionMask = 2147483647;
			files = (
			);
			inputPaths = (
			);
			name = "[CP] Copy Pods Resources";
			outputPaths = (
			);
			runOnlyForDeploymentPostprocessing = 0;
			shellPath = /bin/sh;
			shellScript = "\"${SRCROOT}/Pods/Target Support Files/Pods-SMFUITests/Pods-SMFUITests-resources.sh\"\n";
			showEnvVarsInLog = 0;
		};
/* End PBXShellScriptBuildPhase section */

/* Begin PBXSourcesBuildPhase section */
		F190E1521D6535210084108A /* Sources */ = {
			isa = PBXSourcesBuildPhase;
			buildActionMask = 2147483647;
			files = (
				F13489DC1E7BF383005008ED /* ThreadPreview.swift in Sources */,
				F190E15C1D6535210084108A /* ViewController.swift in Sources */,
				F13509E61E85286000804BE0 /* MessagePreview.swift in Sources */,
				F1C4821C1E7A26B60094A1F5 /* MenuTableViewController.swift in Sources */,
				F190E15A1D6535210084108A /* AppDelegate.swift in Sources */,
				F1CE2A9A1D98E9BD00B0BD31 /* MessagesTableViewController.swift in Sources */,
				F13509E21E849F2A00804BE0 /* ShowMessageTableViewController.swift in Sources */,
				F13489DE1E7BFD2F005008ED /* Post.swift in Sources */,
				F1BC3A601E7B34CA0077A7F9 /* CustomUISplitViewController.swift in Sources */,
				F13489D81E7BBB33005008ED /* ThreadTableViewController.swift in Sources */,
				F1CE2A961D98E99C00B0BD31 /* ProfileUIViewController.swift in Sources */,
				F11F4FC11D9FDBAC0030B176 /* LoginUIViewController.swift in Sources */,
				F13489E41E7D4312005008ED /* EditProfileViewController.swift in Sources */,
				F13489E01E7D42EA005008ED /* CreateThreadViewController.swift in Sources */,
				F13509E81E8541D100804BE0 /* ReplyMessageViewController.swift in Sources */,
				F13509DE1E849EFE00804BE0 /* ShowGroupViewController.swift in Sources */,
				F1CE2A921D97B01500B0BD31 /* SWRevealViewController.m in Sources */,
				F1CE2A941D98B3A000B0BD31 /* FeedTableViewController.swift in Sources */,
				F13509DC1E849E3600804BE0 /* CreateGroupViewController.swift in Sources */,
				F13509E01E849F0D00804BE0 /* CreateMessageViewController.swift in Sources */,
				F13489E21E7D42FE005008ED /* ReplyThreadViewController.swift in Sources */,
				F1CE2A981D98E9AE00B0BD31 /* GroupsTableViewController.swift in Sources */,
				F13509E41E85196600804BE0 /* GroupPreview.swift in Sources */,
				F19B79BE1E7A79F500E2CA55 /* BBSTableViewController.swift in Sources */,
			);
			runOnlyForDeploymentPostprocessing = 0;
		};
		F190E1661D6535210084108A /* Sources */ = {
			isa = PBXSourcesBuildPhase;
			buildActionMask = 2147483647;
			files = (
				F190E16F1D6535210084108A /* SMFTests.swift in Sources */,
			);
			runOnlyForDeploymentPostprocessing = 0;
		};
		F190E1711D6535210084108A /* Sources */ = {
			isa = PBXSourcesBuildPhase;
			buildActionMask = 2147483647;
			files = (
				F190E17A1D6535210084108A /* SMFUITests.swift in Sources */,
			);
			runOnlyForDeploymentPostprocessing = 0;
		};
/* End PBXSourcesBuildPhase section */

/* Begin PBXTargetDependency section */
		F190E16C1D6535210084108A /* PBXTargetDependency */ = {
			isa = PBXTargetDependency;
			target = F190E1551D6535210084108A /* SMF */;
			targetProxy = F190E16B1D6535210084108A /* PBXContainerItemProxy */;
		};
		F190E1771D6535210084108A /* PBXTargetDependency */ = {
			isa = PBXTargetDependency;
			target = F190E1551D6535210084108A /* SMF */;
			targetProxy = F190E1761D6535210084108A /* PBXContainerItemProxy */;
		};
/* End PBXTargetDependency section */

/* Begin PBXVariantGroup section */
		F190E15D1D6535210084108A /* Main.storyboard */ = {
			isa = PBXVariantGroup;
			children = (
				F190E15E1D6535210084108A /* Base */,
			);
			name = Main.storyboard;
			sourceTree = "<group>";
		};
		F190E1621D6535210084108A /* LaunchScreen.storyboard */ = {
			isa = PBXVariantGroup;
			children = (
				F190E1631D6535210084108A /* Base */,
			);
			name = LaunchScreen.storyboard;
			sourceTree = "<group>";
		};
/* End PBXVariantGroup section */

/* Begin XCBuildConfiguration section */
		F190E17C1D6535210084108A /* Debug */ = {
			isa = XCBuildConfiguration;
			buildSettings = {
				ALWAYS_SEARCH_USER_PATHS = NO;
				CLANG_ANALYZER_NONNULL = YES;
				CLANG_CXX_LANGUAGE_STANDARD = "gnu++0x";
				CLANG_CXX_LIBRARY = "libc++";
				CLANG_ENABLE_MODULES = YES;
				CLANG_ENABLE_OBJC_ARC = YES;
				CLANG_WARN_BOOL_CONVERSION = YES;
				CLANG_WARN_CONSTANT_CONVERSION = YES;
				CLANG_WARN_DIRECT_OBJC_ISA_USAGE = YES_ERROR;
				CLANG_WARN_EMPTY_BODY = YES;
				CLANG_WARN_ENUM_CONVERSION = YES;
				CLANG_WARN_INFINITE_RECURSION = YES;
				CLANG_WARN_INT_CONVERSION = YES;
				CLANG_WARN_OBJC_ROOT_CLASS = YES_ERROR;
				CLANG_WARN_SUSPICIOUS_MOVE = YES;
				CLANG_WARN_UNREACHABLE_CODE = YES;
				CLANG_WARN__DUPLICATE_METHOD_MATCH = YES;
				"CODE_SIGN_IDENTITY[sdk=iphoneos*]" = "iPhone Developer";
				COPY_PHASE_STRIP = NO;
				DEBUG_INFORMATION_FORMAT = dwarf;
				ENABLE_STRICT_OBJC_MSGSEND = YES;
				ENABLE_TESTABILITY = YES;
				GCC_C_LANGUAGE_STANDARD = gnu99;
				GCC_DYNAMIC_NO_PIC = NO;
				GCC_NO_COMMON_BLOCKS = YES;
				GCC_OPTIMIZATION_LEVEL = 0;
				GCC_PREPROCESSOR_DEFINITIONS = (
					"DEBUG=1",
					"$(inherited)",
				);
				GCC_WARN_64_TO_32_BIT_CONVERSION = YES;
				GCC_WARN_ABOUT_RETURN_TYPE = YES_ERROR;
				GCC_WARN_UNDECLARED_SELECTOR = YES;
				GCC_WARN_UNINITIALIZED_AUTOS = YES_AGGRESSIVE;
				GCC_WARN_UNUSED_FUNCTION = YES;
				GCC_WARN_UNUSED_VARIABLE = YES;
				IPHONEOS_DEPLOYMENT_TARGET = 9.3;
				MTL_ENABLE_DEBUG_INFO = YES;
				ONLY_ACTIVE_ARCH = YES;
				SDKROOT = iphoneos;
				SWIFT_OPTIMIZATION_LEVEL = "-Onone";
			};
			name = Debug;
		};
		F190E17D1D6535210084108A /* Release */ = {
			isa = XCBuildConfiguration;
			buildSettings = {
				ALWAYS_SEARCH_USER_PATHS = NO;
				CLANG_ANALYZER_NONNULL = YES;
				CLANG_CXX_LANGUAGE_STANDARD = "gnu++0x";
				CLANG_CXX_LIBRARY = "libc++";
				CLANG_ENABLE_MODULES = YES;
				CLANG_ENABLE_OBJC_ARC = YES;
				CLANG_WARN_BOOL_CONVERSION = YES;
				CLANG_WARN_CONSTANT_CONVERSION = YES;
				CLANG_WARN_DIRECT_OBJC_ISA_USAGE = YES_ERROR;
				CLANG_WARN_EMPTY_BODY = YES;
				CLANG_WARN_ENUM_CONVERSION = YES;
				CLANG_WARN_INFINITE_RECURSION = YES;
				CLANG_WARN_INT_CONVERSION = YES;
				CLANG_WARN_OBJC_ROOT_CLASS = YES_ERROR;
				CLANG_WARN_SUSPICIOUS_MOVE = YES;
				CLANG_WARN_UNREACHABLE_CODE = YES;
				CLANG_WARN__DUPLICATE_METHOD_MATCH = YES;
				"CODE_SIGN_IDENTITY[sdk=iphoneos*]" = "iPhone Developer";
				COPY_PHASE_STRIP = NO;
				DEBUG_INFORMATION_FORMAT = "dwarf-with-dsym";
				ENABLE_NS_ASSERTIONS = NO;
				ENABLE_STRICT_OBJC_MSGSEND = YES;
				GCC_C_LANGUAGE_STANDARD = gnu99;
				GCC_NO_COMMON_BLOCKS = YES;
				GCC_WARN_64_TO_32_BIT_CONVERSION = YES;
				GCC_WARN_ABOUT_RETURN_TYPE = YES_ERROR;
				GCC_WARN_UNDECLARED_SELECTOR = YES;
				GCC_WARN_UNINITIALIZED_AUTOS = YES_AGGRESSIVE;
				GCC_WARN_UNUSED_FUNCTION = YES;
				GCC_WARN_UNUSED_VARIABLE = YES;
				IPHONEOS_DEPLOYMENT_TARGET = 9.3;
				MTL_ENABLE_DEBUG_INFO = NO;
				SDKROOT = iphoneos;
				SWIFT_OPTIMIZATION_LEVEL = "-Owholemodule";
				VALIDATE_PRODUCT = YES;
			};
			name = Release;
		};
		F190E17F1D6535210084108A /* Debug */ = {
			isa = XCBuildConfiguration;
			baseConfigurationReference = 3985420185A4850C46CD234F /* Pods-SMF.debug.xcconfig */;
			buildSettings = {
				ASSETCATALOG_COMPILER_APPICON_NAME = AppIcon;
				CLANG_ENABLE_MODULES = YES;
				INFOPLIST_FILE = SMF/Info.plist;
				LD_RUNPATH_SEARCH_PATHS = "$(inherited) @executable_path/Frameworks";
				PRODUCT_BUNDLE_IDENTIFIER = com.inami.SMF;
				PRODUCT_NAME = "$(TARGET_NAME)";
				SWIFT_OBJC_BRIDGING_HEADER = "SMF-Bridging-Header.h";
				SWIFT_OPTIMIZATION_LEVEL = "-Onone";
				SWIFT_VERSION = 3.0;
			};
			name = Debug;
		};
		F190E1801D6535210084108A /* Release */ = {
			isa = XCBuildConfiguration;
			baseConfigurationReference = 4156CA6C1346DC2579C6A1A0 /* Pods-SMF.release.xcconfig */;
			buildSettings = {
				ASSETCATALOG_COMPILER_APPICON_NAME = AppIcon;
				CLANG_ENABLE_MODULES = YES;
				INFOPLIST_FILE = SMF/Info.plist;
				LD_RUNPATH_SEARCH_PATHS = "$(inherited) @executable_path/Frameworks";
				PRODUCT_BUNDLE_IDENTIFIER = com.inami.SMF;
				PRODUCT_NAME = "$(TARGET_NAME)";
				SWIFT_OBJC_BRIDGING_HEADER = "SMF-Bridging-Header.h";
				SWIFT_VERSION = 3.0;
			};
			name = Release;
		};
		F190E1821D6535210084108A /* Debug */ = {
			isa = XCBuildConfiguration;
			baseConfigurationReference = C5FEAFBBBA8AC4704CD4B0EB /* Pods-SMFTests.debug.xcconfig */;
			buildSettings = {
				BUNDLE_LOADER = "$(TEST_HOST)";
				INFOPLIST_FILE = SMFTests/Info.plist;
				LD_RUNPATH_SEARCH_PATHS = "$(inherited) @executable_path/Frameworks @loader_path/Frameworks";
				PRODUCT_BUNDLE_IDENTIFIER = com.inami.SMFTests;
				PRODUCT_NAME = "$(TARGET_NAME)";
				SWIFT_VERSION = 3.0;
				TEST_HOST = "$(BUILT_PRODUCTS_DIR)/SMF.app/SMF";
			};
			name = Debug;
		};
		F190E1831D6535210084108A /* Release */ = {
			isa = XCBuildConfiguration;
			baseConfigurationReference = C2F4BBCC6767BAEBF2D176C3 /* Pods-SMFTests.release.xcconfig */;
			buildSettings = {
				BUNDLE_LOADER = "$(TEST_HOST)";
				INFOPLIST_FILE = SMFTests/Info.plist;
				LD_RUNPATH_SEARCH_PATHS = "$(inherited) @executable_path/Frameworks @loader_path/Frameworks";
				PRODUCT_BUNDLE_IDENTIFIER = com.inami.SMFTests;
				PRODUCT_NAME = "$(TARGET_NAME)";
				SWIFT_VERSION = 3.0;
				TEST_HOST = "$(BUILT_PRODUCTS_DIR)/SMF.app/SMF";
			};
			name = Release;
		};
		F190E1851D6535210084108A /* Debug */ = {
			isa = XCBuildConfiguration;
			baseConfigurationReference = 2066181679C9FC104B135D06 /* Pods-SMFUITests.debug.xcconfig */;
			buildSettings = {
				INFOPLIST_FILE = SMFUITests/Info.plist;
				LD_RUNPATH_SEARCH_PATHS = "$(inherited) @executable_path/Frameworks @loader_path/Frameworks";
				PRODUCT_BUNDLE_IDENTIFIER = com.inami.SMFUITests;
				PRODUCT_NAME = "$(TARGET_NAME)";
				SWIFT_VERSION = 3.0;
				TEST_TARGET_NAME = SMF;
			};
			name = Debug;
		};
		F190E1861D6535210084108A /* Release */ = {
			isa = XCBuildConfiguration;
			baseConfigurationReference = 18B67BF78AAF093F539B1793 /* Pods-SMFUITests.release.xcconfig */;
			buildSettings = {
				INFOPLIST_FILE = SMFUITests/Info.plist;
				LD_RUNPATH_SEARCH_PATHS = "$(inherited) @executable_path/Frameworks @loader_path/Frameworks";
				PRODUCT_BUNDLE_IDENTIFIER = com.inami.SMFUITests;
				PRODUCT_NAME = "$(TARGET_NAME)";
				SWIFT_VERSION = 3.0;
				TEST_TARGET_NAME = SMF;
			};
			name = Release;
		};
/* End XCBuildConfiguration section */

/* Begin XCConfigurationList section */
		F190E1511D6535210084108A /* Build configuration list for PBXProject "SMF" */ = {
			isa = XCConfigurationList;
			buildConfigurations = (
				F190E17C1D6535210084108A /* Debug */,
				F190E17D1D6535210084108A /* Release */,
			);
			defaultConfigurationIsVisible = 0;
			defaultConfigurationName = Release;
		};
		F190E17E1D6535210084108A /* Build configuration list for PBXNativeTarget "SMF" */ = {
			isa = XCConfigurationList;
			buildConfigurations = (
				F190E17F1D6535210084108A /* Debug */,
				F190E1801D6535210084108A /* Release */,
			);
			defaultConfigurationIsVisible = 0;
			defaultConfigurationName = Release;
		};
		F190E1811D6535210084108A /* Build configuration list for PBXNativeTarget "SMFTests" */ = {
			isa = XCConfigurationList;
			buildConfigurations = (
				F190E1821D6535210084108A /* Debug */,
				F190E1831D6535210084108A /* Release */,
			);
			defaultConfigurationIsVisible = 0;
			defaultConfigurationName = Release;
		};
		F190E1841D6535210084108A /* Build configuration list for PBXNativeTarget "SMFUITests" */ = {
			isa = XCConfigurationList;
			buildConfigurations = (
				F190E1851D6535210084108A /* Debug */,
				F190E1861D6535210084108A /* Release */,
			);
			defaultConfigurationIsVisible = 0;
			defaultConfigurationName = Release;
		};
/* End XCConfigurationList section */
	};
	rootObject = F190E14E1D6535210084108A /* Project object */;
}
